
Microsoft Visual Studio Solution File, Format Version 12.00
# Visual Studio Version 16
VisualStudioVersion = 16.0.29911.84
MinimumVisualStudioVersion = 10.0.40219.1
Project("{8BC9CEB8-8B4A-11D0-8D11-00A0C91BC942}") = "listas_encadeadas_simples_exercicio_1", "listas_encadeadas_simples_exercicio_1\listas_encadeadas_simples_exercicio_1.vcxproj", "{DBA8C43B-F7C5-4FA2-A37C-2B696796877A}"
EndProject
Global
	GlobalSection(SolutionConfigurationPlatforms) = preSolution
		Debug|x64 = Debug|x64
		Debug|x86 = Debug|x86
		Release|x64 = Release|x64
		Release|x86 = Release|x86
	EndGlobalSection
	GlobalSection(ProjectConfigurationPlatforms) = postSolution
		{DBA8C43B-F7C5-4FA2-A37C-2B696796877A}.Debug|x64.ActiveCfg = Debug|x64
		{DBA8C43B-F7C5-4FA2-A37C-2B696796877A}.Debug|x64.Build.0 = Debug|x64
		{DBA8C43B-F7C5-4FA2-A37C-2B696796877A}.Debug|x86.ActiveCfg = Debug|Win32
		{DBA8C43B-F7C5-4FA2-A37C-2B696796877A}.Debug|x86.Build.0 = Debug|Win32
		{DBA8C43B-F7C5-4FA2-A37C-2B696796877A}.Release|x64.ActiveCfg = Release|x64
		{DBA8C43B-F7C5-4FA2-A37C-2B696796877A}.Release|x64.Build.0 = Release|x64
		{DBA8C43B-F7C5-4FA2-A37C-2B696796877A}.Release|x86.ActiveCfg = Release|Win32
		{DBA8C43B-F7C5-4FA2-A37C-2B696796877A}.Release|x86.Build.0 = Release|Win32
	EndGlobalSection
	GlobalSection(SolutionProperties) = preSolution
		HideSolutionNode = FALSE
	EndGlobalSection
	GlobalSection(ExtensibilityGlobals) = postSolution
		SolutionGuid = {57F84BA9-2E73-4378-827D-DCD7CB470140}
	EndGlobalSection
EndGlobal
